
Microsoft Visual Studio Solution File, Format Version 12.00
# Visual Studio Version 16
VisualStudioVersion = 16.0.29006.145
MinimumVisualStudioVersion = 10.0.40219.1
Project("{9A19103F-16F7-4668-BE54-9A1E7A4F7556}") = "FitCore.Web", "FitCore.Web\FitCore.Web.csproj", "{75ADD697-DED0-4108-9B1C-16ACCC5E964C}"
EndProject
Project("{9A19103F-16F7-4668-BE54-9A1E7A4F7556}") = "FitCore.Model", "FitCore.Model\FitCore.Model.csproj", "{CFEC7D90-9852-48B3-B81D-C776AD36743A}"
EndProject
Project("{9A19103F-16F7-4668-BE54-9A1E7A4F7556}") = "FitCore.UnitTests", "FitCore.Model.UnitTests\FitCore.UnitTests.csproj", "{C64B8E38-ECA9-4480-85BE-5AFFD0BA04EB}"
EndProject
Project("{9A19103F-16F7-4668-BE54-9A1E7A4F7556}") = "FitCore.Data", "FitCore.Data\FitCore.Data.csproj", "{706FB522-25BF-485D-A1DF-0E445B29074F}"
EndProject
Project("{9A19103F-16F7-4668-BE54-9A1E7A4F7556}") = "FitCore.Console", "FitCore.Runner\FitCore.Console.csproj", "{6CFE98AA-93A1-4E1D-B940-3F69F8CE017A}"
EndProject
Project("{9A19103F-16F7-4668-BE54-9A1E7A4F7556}") = "FitCore.IntegrationTests", "FitCore.Data.IntegrationTests\FitCore.IntegrationTests.csproj", "{22B5E7FB-E0D5-48B1-BB6D-E6877CCD621B}"
EndProject
Project("{2150E333-8FDC-42A3-9474-1A3956D46DE8}") = "Data", "Data", "{154AB41E-A4DD-4462-9D5F-4E39DFA6A88A}"
EndProject
Project("{2150E333-8FDC-42A3-9474-1A3956D46DE8}") = "Models", "Models", "{BB41426C-AAD3-4517-8465-D2D9FCD69B74}"
EndProject
Project("{2150E333-8FDC-42A3-9474-1A3956D46DE8}") = "Utilities", "Utilities", "{48EA5B58-1C04-4BCB-805D-63B51B50588A}"
EndProject
Project("{2150E333-8FDC-42A3-9474-1A3956D46DE8}") = "SPA", "SPA", "{28D3BCE1-BF2B-4C3F-9BD9-60044A30B3C7}"
EndProject
Project("{9A19103F-16F7-4668-BE54-9A1E7A4F7556}") = "FitCore.Web.Api", "FitCore.Web.Api\FitCore.Web.Api.csproj", "{DA95A9EB-26B8-4341-AC75-3CB230472692}"
EndProject
Project("{2150E333-8FDC-42A3-9474-1A3956D46DE8}") = "Backend", "Backend", "{EC906E41-33D4-48CC-AB8B-E07F35A21B18}"
EndProject
Project("{FAE04EC0-301F-11D3-BF4B-00C04F79EFBC}") = "FitCore.Web.Angular", "FitCore.Web.Angular\FitCore.Web.Angular.csproj", "{003B3A08-C27B-492E-8550-58DEC7D91A6F}"
EndProject
Project("{FAE04EC0-301F-11D3-BF4B-00C04F79EFBC}") = "FitCore.Web.React", "FitCore.Web.React\FitCore.Web.React.csproj", "{A2E0872D-6B9F-43AB-BA05-776617F5818E}"
EndProject
Project("{9A19103F-16F7-4668-BE54-9A1E7A4F7556}") = "FitCore.Web.Maintenance", "FitCore.Web.Maintenance\FitCore.Web.Maintenance.csproj", "{06210653-2537-4F40-A480-FB98C28E913B}"
EndProject
Project("{2150E333-8FDC-42A3-9474-1A3956D46DE8}") = "Tests", "Tests", "{61CB8B8A-0866-41F3-AECD-BCB182F64F66}"
EndProject
Project("{FAE04EC0-301F-11D3-BF4B-00C04F79EFBC}") = "FitCore.Tests.Data", "FitCore.Tests.Data\FitCore.Tests.Data.csproj", "{F7B64DF4-FD5F-4A2A-A698-AF89D9EC7BD5}"
EndProject
Project("{FAE04EC0-301F-11D3-BF4B-00C04F79EFBC}") = "FitCore.Web.Maintenance.Tests", "FitCore.Web.Maintance.Tests\FitCore.Web.Maintenance.Tests.csproj", "{5A452083-8B3B-4679-AF78-FCD80D86A0A1}"
EndProject
Global
	GlobalSection(SolutionConfigurationPlatforms) = preSolution
		Debug|Any CPU = Debug|Any CPU
		Release|Any CPU = Release|Any CPU
	EndGlobalSection
	GlobalSection(ProjectConfigurationPlatforms) = postSolution
		{75ADD697-DED0-4108-9B1C-16ACCC5E964C}.Debug|Any CPU.ActiveCfg = Debug|Any CPU
		{75ADD697-DED0-4108-9B1C-16ACCC5E964C}.Debug|Any CPU.Build.0 = Debug|Any CPU
		{75ADD697-DED0-4108-9B1C-16ACCC5E964C}.Release|Any CPU.ActiveCfg = Release|Any CPU
		{75ADD697-DED0-4108-9B1C-16ACCC5E964C}.Release|Any CPU.Build.0 = Release|Any CPU
		{CFEC7D90-9852-48B3-B81D-C776AD36743A}.Debug|Any CPU.ActiveCfg = Debug|Any CPU
		{CFEC7D90-9852-48B3-B81D-C776AD36743A}.Debug|Any CPU.Build.0 = Debug|Any CPU
		{CFEC7D90-9852-48B3-B81D-C776AD36743A}.Release|Any CPU.ActiveCfg = Release|Any CPU
		{CFEC7D90-9852-48B3-B81D-C776AD36743A}.Release|Any CPU.Build.0 = Release|Any CPU
		{C64B8E38-ECA9-4480-85BE-5AFFD0BA04EB}.Debug|Any CPU.ActiveCfg = Debug|Any CPU
		{C64B8E38-ECA9-4480-85BE-5AFFD0BA04EB}.Debug|Any CPU.Build.0 = Debug|Any CPU
		{C64B8E38-ECA9-4480-85BE-5AFFD0BA04EB}.Release|Any CPU.ActiveCfg = Release|Any CPU
		{C64B8E38-ECA9-4480-85BE-5AFFD0BA04EB}.Release|Any CPU.Build.0 = Release|Any CPU
		{706FB522-25BF-485D-A1DF-0E445B29074F}.Debug|Any CPU.ActiveCfg = Debug|Any CPU
		{706FB522-25BF-485D-A1DF-0E445B29074F}.Debug|Any CPU.Build.0 = Debug|Any CPU
		{706FB522-25BF-485D-A1DF-0E445B29074F}.Release|Any CPU.ActiveCfg = Release|Any CPU
		{706FB522-25BF-485D-A1DF-0E445B29074F}.Release|Any CPU.Build.0 = Release|Any CPU
		{6CFE98AA-93A1-4E1D-B940-3F69F8CE017A}.Debug|Any CPU.ActiveCfg = Debug|Any CPU
		{6CFE98AA-93A1-4E1D-B940-3F69F8CE017A}.Debug|Any CPU.Build.0 = Debug|Any CPU
		{6CFE98AA-93A1-4E1D-B940-3F69F8CE017A}.Release|Any CPU.ActiveCfg = Release|Any CPU
		{6CFE98AA-93A1-4E1D-B940-3F69F8CE017A}.Release|Any CPU.Build.0 = Release|Any CPU
		{22B5E7FB-E0D5-48B1-BB6D-E6877CCD621B}.Debug|Any CPU.ActiveCfg = Debug|Any CPU
		{22B5E7FB-E0D5-48B1-BB6D-E6877CCD621B}.Debug|Any CPU.Build.0 = Debug|Any CPU
		{22B5E7FB-E0D5-48B1-BB6D-E6877CCD621B}.Release|Any CPU.ActiveCfg = Release|Any CPU
		{22B5E7FB-E0D5-48B1-BB6D-E6877CCD621B}.Release|Any CPU.Build.0 = Release|Any CPU
		{DA95A9EB-26B8-4341-AC75-3CB230472692}.Debug|Any CPU.ActiveCfg = Debug|Any CPU
		{DA95A9EB-26B8-4341-AC75-3CB230472692}.Debug|Any CPU.Build.0 = Debug|Any CPU
		{DA95A9EB-26B8-4341-AC75-3CB230472692}.Release|Any CPU.ActiveCfg = Release|Any CPU
		{DA95A9EB-26B8-4341-AC75-3CB230472692}.Release|Any CPU.Build.0 = Release|Any CPU
		{003B3A08-C27B-492E-8550-58DEC7D91A6F}.Debug|Any CPU.ActiveCfg = Debug|Any CPU
		{003B3A08-C27B-492E-8550-58DEC7D91A6F}.Debug|Any CPU.Build.0 = Debug|Any CPU
		{003B3A08-C27B-492E-8550-58DEC7D91A6F}.Release|Any CPU.ActiveCfg = Release|Any CPU
		{003B3A08-C27B-492E-8550-58DEC7D91A6F}.Release|Any CPU.Build.0 = Release|Any CPU
		{A2E0872D-6B9F-43AB-BA05-776617F5818E}.Debug|Any CPU.ActiveCfg = Debug|Any CPU
		{A2E0872D-6B9F-43AB-BA05-776617F5818E}.Debug|Any CPU.Build.0 = Debug|Any CPU
		{A2E0872D-6B9F-43AB-BA05-776617F5818E}.Release|Any CPU.ActiveCfg = Release|Any CPU
		{A2E0872D-6B9F-43AB-BA05-776617F5818E}.Release|Any CPU.Build.0 = Release|Any CPU
		{06210653-2537-4F40-A480-FB98C28E913B}.Debug|Any CPU.ActiveCfg = Debug|Any CPU
		{06210653-2537-4F40-A480-FB98C28E913B}.Debug|Any CPU.Build.0 = Debug|Any CPU
		{06210653-2537-4F40-A480-FB98C28E913B}.Release|Any CPU.ActiveCfg = Release|Any CPU
		{06210653-2537-4F40-A480-FB98C28E913B}.Release|Any CPU.Build.0 = Release|Any CPU
		{F7B64DF4-FD5F-4A2A-A698-AF89D9EC7BD5}.Debug|Any CPU.ActiveCfg = Debug|Any CPU
		{F7B64DF4-FD5F-4A2A-A698-AF89D9EC7BD5}.Debug|Any CPU.Build.0 = Debug|Any CPU
		{F7B64DF4-FD5F-4A2A-A698-AF89D9EC7BD5}.Release|Any CPU.ActiveCfg = Release|Any CPU
		{F7B64DF4-FD5F-4A2A-A698-AF89D9EC7BD5}.Release|Any CPU.Build.0 = Release|Any CPU
		{5A452083-8B3B-4679-AF78-FCD80D86A0A1}.Debug|Any CPU.ActiveCfg = Debug|Any CPU
		{5A452083-8B3B-4679-AF78-FCD80D86A0A1}.Debug|Any CPU.Build.0 = Debug|Any CPU
		{5A452083-8B3B-4679-AF78-FCD80D86A0A1}.Release|Any CPU.ActiveCfg = Release|Any CPU
		{5A452083-8B3B-4679-AF78-FCD80D86A0A1}.Release|Any CPU.Build.0 = Release|Any CPU
	EndGlobalSection
	GlobalSection(SolutionProperties) = preSolution
		HideSolutionNode = FALSE
	EndGlobalSection
	GlobalSection(NestedProjects) = preSolution
		{75ADD697-DED0-4108-9B1C-16ACCC5E964C} = {EC906E41-33D4-48CC-AB8B-E07F35A21B18}
		{CFEC7D90-9852-48B3-B81D-C776AD36743A} = {BB41426C-AAD3-4517-8465-D2D9FCD69B74}
		{C64B8E38-ECA9-4480-85BE-5AFFD0BA04EB} = {61CB8B8A-0866-41F3-AECD-BCB182F64F66}
		{706FB522-25BF-485D-A1DF-0E445B29074F} = {154AB41E-A4DD-4462-9D5F-4E39DFA6A88A}
		{22B5E7FB-E0D5-48B1-BB6D-E6877CCD621B} = {61CB8B8A-0866-41F3-AECD-BCB182F64F66}
		{DA95A9EB-26B8-4341-AC75-3CB230472692} = {EC906E41-33D4-48CC-AB8B-E07F35A21B18}
		{003B3A08-C27B-492E-8550-58DEC7D91A6F} = {28D3BCE1-BF2B-4C3F-9BD9-60044A30B3C7}
		{A2E0872D-6B9F-43AB-BA05-776617F5818E} = {28D3BCE1-BF2B-4C3F-9BD9-60044A30B3C7}
		{06210653-2537-4F40-A480-FB98C28E913B} = {EC906E41-33D4-48CC-AB8B-E07F35A21B18}
		{F7B64DF4-FD5F-4A2A-A698-AF89D9EC7BD5} = {61CB8B8A-0866-41F3-AECD-BCB182F64F66}
		{5A452083-8B3B-4679-AF78-FCD80D86A0A1} = {EC906E41-33D4-48CC-AB8B-E07F35A21B18}
	EndGlobalSection
	GlobalSection(ExtensibilityGlobals) = postSolution
		SolutionGuid = {6EAE3BB0-C51D-45AE-9266-C0BA32F76543}
	EndGlobalSection
EndGlobal
